{
  "name": "Covid 19 Dashboard",
  "lockfileVersion": 3,
  "requires": true,
  "packages": {
    "": {
      "dependencies": {
        "taos": "^1.0.2"
      }
    },
    "node_modules/taos": {
      "version": "1.0.2",
      "resolved": "https://registry.npmjs.org/taos/-/taos-1.0.2.tgz",
      "integrity": "sha512-wji577+Do1rKf3EMywQFbzvkGCip0v+MjDVkOaNCtqvufmXIBBoQYJbyk3RTQNr3JhDD4ECYUOX4vMCViS/8Og=="
    }
  }
}
